// !$*UTF8*$!
{
	archiveVersion = 1;
	classes = {
	};
	objectVersion = 46;
	objects = {

/* Begin PBXBuildFile section */
		0D4301EC1A00BA6D008E5805 /* OrderPacgeView.m in Sources */ = {isa = PBXBuildFile; fileRef = 0D4301EB1A00BA6D008E5805 /* OrderPacgeView.m */; };
		0D4301EF1A00DE00008E5805 /* SelectListModel.m in Sources */ = {isa = PBXBuildFile; fileRef = 0D4301EE1A00DE00008E5805 /* SelectListModel.m */; };
		0D94BB8319FF6B2500AF85E5 /* HelpOrderModel.m in Sources */ = {isa = PBXBuildFile; fileRef = 0D94BB8219FF6B2500AF85E5 /* HelpOrderModel.m */; };
		0D956E6219F65C3500CBAD17 /* SelectListController.m in Sources */ = {isa = PBXBuildFile; fileRef = 0D956E6119F65C3500CBAD17 /* SelectListController.m */; };
		0D95993119F0F65900799A25 /* OrderPeopleController.m in Sources */ = {isa = PBXBuildFile; fileRef = 0D95993019F0F65900799A25 /* OrderPeopleController.m */; };
		0D95993419F10D1E00799A25 /* OrderRestauController.m in Sources */ = {isa = PBXBuildFile; fileRef = 0D95993319F10D1E00799A25 /* OrderRestauController.m */; };
		0D95993719F11DCC00799A25 /* OrderPacgeController.m in Sources */ = {isa = PBXBuildFile; fileRef = 0D95993619F11DCC00799A25 /* OrderPacgeController.m */; };
		0D9749ED1A01E15800D9DB6D /* HelpOrderView.m in Sources */ = {isa = PBXBuildFile; fileRef = 0D9749EC1A01E15800D9DB6D /* HelpOrderView.m */; };
		0D9758181A07653400D103DA /* SelectListView.m in Sources */ = {isa = PBXBuildFile; fileRef = 0D9758171A07653400D103DA /* SelectListView.m */; };
		0D97D5F71A0325210095961B /* OrderPeoView.m in Sources */ = {isa = PBXBuildFile; fileRef = 0D97D5F61A0325210095961B /* OrderPeoView.m */; };
		0D97D5FD1A0339D00095961B /* OrderRestauView.m in Sources */ = {isa = PBXBuildFile; fileRef = 0D97D5FC1A0339D00095961B /* OrderRestauView.m */; };
		0D988B5919EFA0A2008D8E3D /* main.m in Sources */ = {isa = PBXBuildFile; fileRef = 0D988B5819EFA0A2008D8E3D /* main.m */; };
		0D988B5C19EFA0A2008D8E3D /* AppDelegate.m in Sources */ = {isa = PBXBuildFile; fileRef = 0D988B5B19EFA0A2008D8E3D /* AppDelegate.m */; };
		0D988B5F19EFA0A2008D8E3D /* IndexController.m in Sources */ = {isa = PBXBuildFile; fileRef = 0D988B5E19EFA0A2008D8E3D /* IndexController.m */; };
		0D988B6219EFA0A2008D8E3D /* Main.storyboard in Resources */ = {isa = PBXBuildFile; fileRef = 0D988B6019EFA0A2008D8E3D /* Main.storyboard */; };
		0D988B6419EFA0A2008D8E3D /* Images.xcassets in Resources */ = {isa = PBXBuildFile; fileRef = 0D988B6319EFA0A2008D8E3D /* Images.xcassets */; };
		0D988B6719EFA0A2008D8E3D /* LaunchScreen.xib in Resources */ = {isa = PBXBuildFile; fileRef = 0D988B6519EFA0A2008D8E3D /* LaunchScreen.xib */; };
		0D988B7319EFA0A2008D8E3D /* OrderTests.m in Sources */ = {isa = PBXBuildFile; fileRef = 0D988B7219EFA0A2008D8E3D /* OrderTests.m */; };
		0D988B7E19EFB9FB008D8E3D /* HelpOrderController.m in Sources */ = {isa = PBXBuildFile; fileRef = 0D988B7D19EFB9FB008D8E3D /* HelpOrderController.m */; };
/* End PBXBuildFile section */

/* Begin PBXContainerItemProxy section */
		0D988B6D19EFA0A2008D8E3D /* PBXContainerItemProxy */ = {
			isa = PBXContainerItemProxy;
			containerPortal = 0D988B4B19EFA0A2008D8E3D /* Project object */;
			proxyType = 1;
			remoteGlobalIDString = 0D988B5219EFA0A2008D8E3D;
			remoteInfo = Order;
		};
/* End PBXContainerItemProxy section */

/* Begin PBXFileReference section */
		0D4301EA1A00BA6D008E5805 /* OrderPacgeView.h */ = {isa = PBXFileReference; fileEncoding = 4; lastKnownFileType = sourcecode.c.h; path = OrderPacgeView.h; sourceTree = "<group>"; };
		0D4301EB1A00BA6D008E5805 /* OrderPacgeView.m */ = {isa = PBXFileReference; fileEncoding = 4; lastKnownFileType = sourcecode.c.objc; path = OrderPacgeView.m; sourceTree = "<group>"; };
		0D4301ED1A00DE00008E5805 /* SelectListModel.h */ = {isa = PBXFileReference; fileEncoding = 4; lastKnownFileType = sourcecode.c.h; path = SelectListModel.h; sourceTree = "<group>"; };
		0D4301EE1A00DE00008E5805 /* SelectListModel.m */ = {isa = PBXFileReference; fileEncoding = 4; lastKnownFileType = sourcecode.c.objc; path = SelectListModel.m; sourceTree = "<group>"; };
		0D94BB8119FF6B2500AF85E5 /* HelpOrderModel.h */ = {isa = PBXFileReference; fileEncoding = 4; lastKnownFileType = sourcecode.c.h; path = HelpOrderModel.h; sourceTree = "<group>"; };
		0D94BB8219FF6B2500AF85E5 /* HelpOrderModel.m */ = {isa = PBXFileReference; fileEncoding = 4; lastKnownFileType = sourcecode.c.objc; path = HelpOrderModel.m; sourceTree = "<group>"; };
		0D956E6019F65C3500CBAD17 /* SelectListController.h */ = {isa = PBXFileReference; fileEncoding = 4; lastKnownFileType = sourcecode.c.h; path = SelectListController.h; sourceTree = "<group>"; };
		0D956E6119F65C3500CBAD17 /* SelectListController.m */ = {isa = PBXFileReference; fileEncoding = 4; lastKnownFileType = sourcecode.c.objc; path = SelectListController.m; sourceTree = "<group>"; };
		0D95992F19F0F65900799A25 /* OrderPeopleController.h */ = {isa = PBXFileReference; fileEncoding = 4; lastKnownFileType = sourcecode.c.h; path = OrderPeopleController.h; sourceTree = "<group>"; };
		0D95993019F0F65900799A25 /* OrderPeopleController.m */ = {isa = PBXFileReference; fileEncoding = 4; lastKnownFileType = sourcecode.c.objc; path = OrderPeopleController.m; sourceTree = "<group>"; };
		0D95993219F10D1E00799A25 /* OrderRestauController.h */ = {isa = PBXFileReference; fileEncoding = 4; lastKnownFileType = sourcecode.c.h; path = OrderRestauController.h; sourceTree = "<group>"; };
		0D95993319F10D1E00799A25 /* OrderRestauController.m */ = {isa = PBXFileReference; fileEncoding = 4; lastKnownFileType = sourcecode.c.objc; path = OrderRestauController.m; sourceTree = "<group>"; };
		0D95993519F11DCC00799A25 /* OrderPacgeController.h */ = {isa = PBXFileReference; fileEncoding = 4; lastKnownFileType = sourcecode.c.h; path = OrderPacgeController.h; sourceTree = "<group>"; };
		0D95993619F11DCC00799A25 /* OrderPacgeController.m */ = {isa = PBXFileReference; fileEncoding = 4; lastKnownFileType = sourcecode.c.objc; path = OrderPacgeController.m; sourceTree = "<group>"; };
		0D9749EB1A01E15800D9DB6D /* HelpOrderView.h */ = {isa = PBXFileReference; fileEncoding = 4; lastKnownFileType = sourcecode.c.h; path = HelpOrderView.h; sourceTree = "<group>"; };
		0D9749EC1A01E15800D9DB6D /* HelpOrderView.m */ = {isa = PBXFileReference; fileEncoding = 4; lastKnownFileType = sourcecode.c.objc; path = HelpOrderView.m; sourceTree = "<group>"; };
		0D9758161A07653400D103DA /* SelectListView.h */ = {isa = PBXFileReference; fileEncoding = 4; lastKnownFileType = sourcecode.c.h; path = SelectListView.h; sourceTree = "<group>"; };
		0D9758171A07653400D103DA /* SelectListView.m */ = {isa = PBXFileReference; fileEncoding = 4; lastKnownFileType = sourcecode.c.objc; path = SelectListView.m; sourceTree = "<group>"; };
		0D97D5F51A0325210095961B /* OrderPeoView.h */ = {isa = PBXFileReference; fileEncoding = 4; lastKnownFileType = sourcecode.c.h; path = OrderPeoView.h; sourceTree = "<group>"; };
		0D97D5F61A0325210095961B /* OrderPeoView.m */ = {isa = PBXFileReference; fileEncoding = 4; lastKnownFileType = sourcecode.c.objc; path = OrderPeoView.m; sourceTree = "<group>"; };
		0D97D5FB1A0339D00095961B /* OrderRestauView.h */ = {isa = PBXFileReference; fileEncoding = 4; lastKnownFileType = sourcecode.c.h; path = OrderRestauView.h; sourceTree = "<group>"; };
		0D97D5FC1A0339D00095961B /* OrderRestauView.m */ = {isa = PBXFileReference; fileEncoding = 4; lastKnownFileType = sourcecode.c.objc; path = OrderRestauView.m; sourceTree = "<group>"; };
		0D988B5319EFA0A2008D8E3D /* Order.app */ = {isa = PBXFileReference; explicitFileType = wrapper.application; includeInIndex = 0; path = Order.app; sourceTree = BUILT_PRODUCTS_DIR; };
		0D988B5719EFA0A2008D8E3D /* Info.plist */ = {isa = PBXFileReference; lastKnownFileType = text.plist.xml; path = Info.plist; sourceTree = "<group>"; };
		0D988B5819EFA0A2008D8E3D /* main.m */ = {isa = PBXFileReference; lastKnownFileType = sourcecode.c.objc; path = main.m; sourceTree = "<group>"; };
		0D988B5A19EFA0A2008D8E3D /* AppDelegate.h */ = {isa = PBXFileReference; lastKnownFileType = sourcecode.c.h; path = AppDelegate.h; sourceTree = "<group>"; };
		0D988B5B19EFA0A2008D8E3D /* AppDelegate.m */ = {isa = PBXFileReference; lastKnownFileType = sourcecode.c.objc; path = AppDelegate.m; sourceTree = "<group>"; };
		0D988B5D19EFA0A2008D8E3D /* IndexController.h */ = {isa = PBXFileReference; lastKnownFileType = sourcecode.c.h; path = IndexController.h; sourceTree = "<group>"; };
		0D988B5E19EFA0A2008D8E3D /* IndexController.m */ = {isa = PBXFileReference; lastKnownFileType = sourcecode.c.objc; path = IndexController.m; sourceTree = "<group>"; };
		0D988B6119EFA0A2008D8E3D /* Base */ = {isa = PBXFileReference; lastKnownFileType = file.storyboard; name = Base; path = Base.lproj/Main.storyboard; sourceTree = "<group>"; };
		0D988B6319EFA0A2008D8E3D /* Images.xcassets */ = {isa = PBXFileReference; lastKnownFileType = folder.assetcatalog; path = Images.xcassets; sourceTree = "<group>"; };
		0D988B6619EFA0A2008D8E3D /* Base */ = {isa = PBXFileReference; lastKnownFileType = file.xib; name = Base; path = Base.lproj/LaunchScreen.xib; sourceTree = "<group>"; };
		0D988B6C19EFA0A2008D8E3D /* OrderTests.xctest */ = {isa = PBXFileReference; explicitFileType = wrapper.cfbundle; includeInIndex = 0; path = OrderTests.xctest; sourceTree = BUILT_PRODUCTS_DIR; };
		0D988B7119EFA0A2008D8E3D /* Info.plist */ = {isa = PBXFileReference; lastKnownFileType = text.plist.xml; path = Info.plist; sourceTree = "<group>"; };
		0D988B7219EFA0A2008D8E3D /* OrderTests.m */ = {isa = PBXFileReference; lastKnownFileType = sourcecode.c.objc; path = OrderTests.m; sourceTree = "<group>"; };
		0D988B7C19EFB9FB008D8E3D /* HelpOrderController.h */ = {isa = PBXFileReference; fileEncoding = 4; lastKnownFileType = sourcecode.c.h; path = HelpOrderController.h; sourceTree = "<group>"; };
		0D988B7D19EFB9FB008D8E3D /* HelpOrderController.m */ = {isa = PBXFileReference; fileEncoding = 4; lastKnownFileType = sourcecode.c.objc; path = HelpOrderController.m; sourceTree = "<group>"; };
/* End PBXFileReference section */

/* Begin PBXFrameworksBuildPhase section */
		0D988B5019EFA0A2008D8E3D /* Frameworks */ = {
			isa = PBXFrameworksBuildPhase;
			buildActionMask = 2147483647;
			files = (
			);
			runOnlyForDeploymentPostprocessing = 0;
		};
		0D988B6919EFA0A2008D8E3D /* Frameworks */ = {
			isa = PBXFrameworksBuildPhase;
			buildActionMask = 2147483647;
			files = (
			);
			runOnlyForDeploymentPostprocessing = 0;
		};
/* End PBXFrameworksBuildPhase section */

/* Begin PBXGroup section */
		0D4301E91A00B72A008E5805 /* view */ = {
			isa = PBXGroup;
			children = (
				0D4301EA1A00BA6D008E5805 /* OrderPacgeView.h */,
				0D4301EB1A00BA6D008E5805 /* OrderPacgeView.m */,
				0D9749EB1A01E15800D9DB6D /* HelpOrderView.h */,
				0D9749EC1A01E15800D9DB6D /* HelpOrderView.m */,
				0D97D5F51A0325210095961B /* OrderPeoView.h */,
				0D97D5F61A0325210095961B /* OrderPeoView.m */,
				0D97D5FB1A0339D00095961B /* OrderRestauView.h */,
				0D97D5FC1A0339D00095961B /* OrderRestauView.m */,
				0D9758161A07653400D103DA /* SelectListView.h */,
				0D9758171A07653400D103DA /* SelectListView.m */,
			);
			name = view;
			sourceTree = "<group>";
		};
		0D988B4A19EFA0A2008D8E3D = {
			isa = PBXGroup;
			children = (
				0D4301E91A00B72A008E5805 /* view */,
				0DA2ADD219FE491900EF6356 /* model */,
				0D988B5519EFA0A2008D8E3D /* Order */,
				0D988B6F19EFA0A2008D8E3D /* OrderTests */,
				0D988B5419EFA0A2008D8E3D /* Products */,
			);
			sourceTree = "<group>";
		};
		0D988B5419EFA0A2008D8E3D /* Products */ = {
			isa = PBXGroup;
			children = (
				0D988B5319EFA0A2008D8E3D /* Order.app */,
				0D988B6C19EFA0A2008D8E3D /* OrderTests.xctest */,
			);
			name = Products;
			sourceTree = "<group>";
		};
		0D988B5519EFA0A2008D8E3D /* Order */ = {
			isa = PBXGroup;
			children = (
				0D956E6019F65C3500CBAD17 /* SelectListController.h */,
				0D956E6119F65C3500CBAD17 /* SelectListController.m */,
				0D95993519F11DCC00799A25 /* OrderPacgeController.h */,
				0D95993619F11DCC00799A25 /* OrderPacgeController.m */,
				0D95993219F10D1E00799A25 /* OrderRestauController.h */,
				0D95993319F10D1E00799A25 /* OrderRestauController.m */,
				0D95992F19F0F65900799A25 /* OrderPeopleController.h */,
				0D95993019F0F65900799A25 /* OrderPeopleController.m */,
				0D988B7C19EFB9FB008D8E3D /* HelpOrderController.h */,
				0D988B7D19EFB9FB008D8E3D /* HelpOrderController.m */,
				0D988B5A19EFA0A2008D8E3D /* AppDelegate.h */,
				0D988B5B19EFA0A2008D8E3D /* AppDelegate.m */,
				0D988B5D19EFA0A2008D8E3D /* IndexController.h */,
				0D988B5E19EFA0A2008D8E3D /* IndexController.m */,
				0D988B6019EFA0A2008D8E3D /* Main.storyboard */,
				0D988B6319EFA0A2008D8E3D /* Images.xcassets */,
				0D988B6519EFA0A2008D8E3D /* LaunchScreen.xib */,
				0D988B5619EFA0A2008D8E3D /* Supporting Files */,
			);
			path = Order;
			sourceTree = "<group>";
		};
		0D988B5619EFA0A2008D8E3D /* Supporting Files */ = {
			isa = PBXGroup;
			children = (
				0D988B5719EFA0A2008D8E3D /* Info.plist */,
				0D988B5819EFA0A2008D8E3D /* main.m */,
			);
			name = "Supporting Files";
			sourceTree = "<group>";
		};
		0D988B6F19EFA0A2008D8E3D /* OrderTests */ = {
			isa = PBXGroup;
			children = (
				0D988B7219EFA0A2008D8E3D /* OrderTests.m */,
				0D988B7019EFA0A2008D8E3D /* Supporting Files */,
			);
			path = OrderTests;
			sourceTree = "<group>";
		};
		0D988B7019EFA0A2008D8E3D /* Supporting Files */ = {
			isa = PBXGroup;
			children = (
				0D988B7119EFA0A2008D8E3D /* Info.plist */,
			);
			name = "Supporting Files";
			sourceTree = "<group>";
		};
		0DA2ADD219FE491900EF6356 /* model */ = {
			isa = PBXGroup;
			children = (
				0D94BB8119FF6B2500AF85E5 /* HelpOrderModel.h */,
				0D94BB8219FF6B2500AF85E5 /* HelpOrderModel.m */,
				0D4301ED1A00DE00008E5805 /* SelectListModel.h */,
				0D4301EE1A00DE00008E5805 /* SelectListModel.m */,
			);
			name = model;
			sourceTree = "<group>";
		};
/* End PBXGroup section */

/* Begin PBXNativeTarget section */
		0D988B5219EFA0A2008D8E3D /* Order */ = {
			isa = PBXNativeTarget;
			buildConfigurationList = 0D988B7619EFA0A2008D8E3D /* Build configuration list for PBXNativeTarget "Order" */;
			buildPhases = (
				0D988B4F19EFA0A2008D8E3D /* Sources */,
				0D988B5019EFA0A2008D8E3D /* Frameworks */,
				0D988B5119EFA0A2008D8E3D /* Resources */,
			);
			buildRules = (
			);
			dependencies = (
			);
			name = Order;
			productName = Order;
			productReference = 0D988B5319EFA0A2008D8E3D /* Order.app */;
			productType = "com.apple.product-type.application";
		};
		0D988B6B19EFA0A2008D8E3D /* OrderTests */ = {
			isa = PBXNativeTarget;
			buildConfigurationList = 0D988B7919EFA0A2008D8E3D /* Build configuration list for PBXNativeTarget "OrderTests" */;
			buildPhases = (
				0D988B6819EFA0A2008D8E3D /* Sources */,
				0D988B6919EFA0A2008D8E3D /* Frameworks */,
				0D988B6A19EFA0A2008D8E3D /* Resources */,
			);
			buildRules = (
			);
			dependencies = (
				0D988B6E19EFA0A2008D8E3D /* PBXTargetDependency */,
			);
			name = OrderTests;
			productName = OrderTests;
			productReference = 0D988B6C19EFA0A2008D8E3D /* OrderTests.xctest */;
			productType = "com.apple.product-type.bundle.unit-test";
		};
/* End PBXNativeTarget section */

/* Begin PBXProject section */
		0D988B4B19EFA0A2008D8E3D /* Project object */ = {
			isa = PBXProject;
			attributes = {
				LastUpgradeCheck = 0600;
				ORGANIZATIONNAME = cyd;
				TargetAttributes = {
					0D988B5219EFA0A2008D8E3D = {
						CreatedOnToolsVersion = 6.0.1;
					};
					0D988B6B19EFA0A2008D8E3D = {
						CreatedOnToolsVersion = 6.0.1;
						TestTargetID = 0D988B5219EFA0A2008D8E3D;
					};
				};
			};
			buildConfigurationList = 0D988B4E19EFA0A2008D8E3D /* Build configuration list for PBXProject "Order" */;
			compatibilityVersion = "Xcode 3.2";
			developmentRegion = English;
			hasScannedForEncodings = 0;
			knownRegions = (
				en,
				Base,
			);
			mainGroup = 0D988B4A19EFA0A2008D8E3D;
			productRefGroup = 0D988B5419EFA0A2008D8E3D /* Products */;
			projectDirPath = "";
			projectRoot = "";
			targets = (
				0D988B5219EFA0A2008D8E3D /* Order */,
				0D988B6B19EFA0A2008D8E3D /* OrderTests */,
			);
		};
/* End PBXProject section */

/* Begin PBXResourcesBuildPhase section */
		0D988B5119EFA0A2008D8E3D /* Resources */ = {
			isa = PBXResourcesBuildPhase;
			buildActionMask = 2147483647;
			files = (
				0D988B6219EFA0A2008D8E3D /* Main.storyboard in Resources */,
				0D988B6719EFA0A2008D8E3D /* LaunchScreen.xib in Resources */,
				0D988B6419EFA0A2008D8E3D /* Images.xcassets in Resources */,
			);
			runOnlyForDeploymentPostprocessing = 0;
		};
		0D988B6A19EFA0A2008D8E3D /* Resources */ = {
			isa = PBXResourcesBuildPhase;
			buildActionMask = 2147483647;
			files = (
			);
			runOnlyForDeploymentPostprocessing = 0;
		};
/* End PBXResourcesBuildPhase section */

/* Begin PBXSourcesBuildPhase section */
		0D988B4F19EFA0A2008D8E3D /* Sources */ = {
			isa = PBXSourcesBuildPhase;
			buildActionMask = 2147483647;
			files = (
				0D4301EF1A00DE00008E5805 /* SelectListModel.m in Sources */,
				0D97D5FD1A0339D00095961B /* OrderRestauView.m in Sources */,
				0D956E6219F65C3500CBAD17 /* SelectListController.m in Sources */,
				0D9749ED1A01E15800D9DB6D /* HelpOrderView.m in Sources */,
				0D95993719F11DCC00799A25 /* OrderPacgeController.m in Sources */,
				0D95993119F0F65900799A25 /* OrderPeopleController.m in Sources */,
				0D97D5F71A0325210095961B /* OrderPeoView.m in Sources */,
				0D988B7E19EFB9FB008D8E3D /* HelpOrderController.m in Sources */,
				0D988B5F19EFA0A2008D8E3D /* IndexController.m in Sources */,
				0D9758181A07653400D103DA /* SelectListView.m in Sources */,
				0D94BB8319FF6B2500AF85E5 /* HelpOrderModel.m in Sources */,
				0D4301EC1A00BA6D008E5805 /* OrderPacgeView.m in Sources */,
				0D95993419F10D1E00799A25 /* OrderRestauController.m in Sources */,
				0D988B5C19EFA0A2008D8E3D /* AppDelegate.m in Sources */,
				0D988B5919EFA0A2008D8E3D /* main.m in Sources */,
			);
			runOnlyForDeploymentPostprocessing = 0;
		};
		0D988B6819EFA0A2008D8E3D /* Sources */ = {
			isa = PBXSourcesBuildPhase;
			buildActionMask = 2147483647;
			files = (
				0D988B7319EFA0A2008D8E3D /* OrderTests.m in Sources */,
			);
			runOnlyForDeploymentPostprocessing = 0;
		};
/* End PBXSourcesBuildPhase section */

/* Begin PBXTargetDependency section */
		0D988B6E19EFA0A2008D8E3D /* PBXTargetDependency */ = {
			isa = PBXTargetDependency;
			target = 0D988B5219EFA0A2008D8E3D /* Order */;
			targetProxy = 0D988B6D19EFA0A2008D8E3D /* PBXContainerItemProxy */;
		};
/* End PBXTargetDependency section */

/* Begin PBXVariantGroup section */
		0D988B6019EFA0A2008D8E3D /* Main.storyboard */ = {
			isa = PBXVariantGroup;
			children = (
				0D988B6119EFA0A2008D8E3D /* Base */,
			);
			name = Main.storyboard;
			sourceTree = "<group>";
		};
		0D988B6519EFA0A2008D8E3D /* LaunchScreen.xib */ = {
			isa = PBXVariantGroup;
			children = (
				0D988B6619EFA0A2008D8E3D /* Base */,
			);
			name = LaunchScreen.xib;
			sourceTree = "<group>";
		};
/* End PBXVariantGroup section */

/* Begin XCBuildConfiguration section */
		0D988B7419EFA0A2008D8E3D /* Debug */ = {
			isa = XCBuildConfiguration;
			buildSettings = {
				ALWAYS_SEARCH_USER_PATHS = NO;
				CLANG_CXX_LANGUAGE_STANDARD = "gnu++0x";
				CLANG_CXX_LIBRARY = "libc++";
				CLANG_ENABLE_MODULES = YES;
				CLANG_ENABLE_OBJC_ARC = YES;
				CLANG_WARN_BOOL_CONVERSION = YES;
				CLANG_WARN_CONSTANT_CONVERSION = YES;
				CLANG_WARN_DIRECT_OBJC_ISA_USAGE = YES_ERROR;
				CLANG_WARN_EMPTY_BODY = YES;
				CLANG_WARN_ENUM_CONVERSION = YES;
				CLANG_WARN_INT_CONVERSION = YES;
				CLANG_WARN_OBJC_ROOT_CLASS = YES_ERROR;
				CLANG_WARN_UNREACHABLE_CODE = YES;
				CLANG_WARN__DUPLICATE_METHOD_MATCH = YES;
				"CODE_SIGN_IDENTITY[sdk=iphoneos*]" = "iPhone Developer";
				COPY_PHASE_STRIP = NO;
				ENABLE_STRICT_OBJC_MSGSEND = YES;
				GCC_C_LANGUAGE_STANDARD = gnu99;
				GCC_DYNAMIC_NO_PIC = NO;
				GCC_OPTIMIZATION_LEVEL = 0;
				GCC_PREPROCESSOR_DEFINITIONS = (
					"DEBUG=1",
					"$(inherited)",
				);
				GCC_SYMBOLS_PRIVATE_EXTERN = NO;
				GCC_WARN_64_TO_32_BIT_CONVERSION = YES;
				GCC_WARN_ABOUT_RETURN_TYPE = YES_ERROR;
				GCC_WARN_UNDECLARED_SELECTOR = YES;
				GCC_WARN_UNINITIALIZED_AUTOS = YES_AGGRESSIVE;
				GCC_WARN_UNUSED_FUNCTION = YES;
				GCC_WARN_UNUSED_VARIABLE = YES;
				IPHONEOS_DEPLOYMENT_TARGET = 8.0;
				MTL_ENABLE_DEBUG_INFO = YES;
				ONLY_ACTIVE_ARCH = YES;
				SDKROOT = iphoneos;
				TARGETED_DEVICE_FAMILY = "1,2";
			};
			name = Debug;
		};
		0D988B7519EFA0A2008D8E3D /* Release */ = {
			isa = XCBuildConfiguration;
			buildSettings = {
				ALWAYS_SEARCH_USER_PATHS = NO;
				CLANG_CXX_LANGUAGE_STANDARD = "gnu++0x";
				CLANG_CXX_LIBRARY = "libc++";
				CLANG_ENABLE_MODULES = YES;
				CLANG_ENABLE_OBJC_ARC = YES;
				CLANG_WARN_BOOL_CONVERSION = YES;
				CLANG_WARN_CONSTANT_CONVERSION = YES;
				CLANG_WARN_DIRECT_OBJC_ISA_USAGE = YES_ERROR;
				CLANG_WARN_EMPTY_BODY = YES;
				CLANG_WARN_ENUM_CONVERSION = YES;
				CLANG_WARN_INT_CONVERSION = YES;
				CLANG_WARN_OBJC_ROOT_CLASS = YES_ERROR;
				CLANG_WARN_UNREACHABLE_CODE = YES;
				CLANG_WARN__DUPLICATE_METHOD_MATCH = YES;
				"CODE_SIGN_IDENTITY[sdk=iphoneos*]" = "iPhone Developer";
				COPY_PHASE_STRIP = YES;
				ENABLE_NS_ASSERTIONS = NO;
				ENABLE_STRICT_OBJC_MSGSEND = YES;
				GCC_C_LANGUAGE_STANDARD = gnu99;
				GCC_WARN_64_TO_32_BIT_CONVERSION = YES;
				GCC_WARN_ABOUT_RETURN_TYPE = YES_ERROR;
				GCC_WARN_UNDECLARED_SELECTOR = YES;
				GCC_WARN_UNINITIALIZED_AUTOS = YES_AGGRESSIVE;
				GCC_WARN_UNUSED_FUNCTION = YES;
				GCC_WARN_UNUSED_VARIABLE = YES;
				IPHONEOS_DEPLOYMENT_TARGET = 8.0;
				MTL_ENABLE_DEBUG_INFO = NO;
				SDKROOT = iphoneos;
				TARGETED_DEVICE_FAMILY = "1,2";
				VALIDATE_PRODUCT = YES;
			};
			name = Release;
		};
		0D988B7719EFA0A2008D8E3D /* Debug */ = {
			isa = XCBuildConfiguration;
			buildSettings = {
				ASSETCATALOG_COMPILER_APPICON_NAME = AppIcon;
				INFOPLIST_FILE = Order/Info.plist;
				LD_RUNPATH_SEARCH_PATHS = "$(inherited) @executable_path/Frameworks";
				PRODUCT_NAME = "$(TARGET_NAME)";
			};
			name = Debug;
		};
		0D988B7819EFA0A2008D8E3D /* Release */ = {
			isa = XCBuildConfiguration;
			buildSettings = {
				ASSETCATALOG_COMPILER_APPICON_NAME = AppIcon;
				INFOPLIST_FILE = Order/Info.plist;
				LD_RUNPATH_SEARCH_PATHS = "$(inherited) @executable_path/Frameworks";
				PRODUCT_NAME = "$(TARGET_NAME)";
			};
			name = Release;
		};
		0D988B7A19EFA0A2008D8E3D /* Debug */ = {
			isa = XCBuildConfiguration;
			buildSettings = {
				BUNDLE_LOADER = "$(TEST_HOST)";
				FRAMEWORK_SEARCH_PATHS = (
					"$(SDKROOT)/Developer/Library/Frameworks",
					"$(inherited)",
				);
				GCC_PREPROCESSOR_DEFINITIONS = (
					"DEBUG=1",
					"$(inherited)",
				);
				INFOPLIST_FILE = OrderTests/Info.plist;
				LD_RUNPATH_SEARCH_PATHS = "$(inherited) @executable_path/Frameworks @loader_path/Frameworks";
				PRODUCT_NAME = "$(TARGET_NAME)";
				TEST_HOST = "$(BUILT_PRODUCTS_DIR)/Order.app/Order";
			};
			name = Debug;
		};
		0D988B7B19EFA0A2008D8E3D /* Release */ = {
			isa = XCBuildConfiguration;
			buildSettings = {
				BUNDLE_LOADER = "$(TEST_HOST)";
				FRAMEWORK_SEARCH_PATHS = (
					"$(SDKROOT)/Developer/Library/Frameworks",
					"$(inherited)",
				);
				INFOPLIST_FILE = OrderTests/Info.plist;
				LD_RUNPATH_SEARCH_PATHS = "$(inherited) @executable_path/Frameworks @loader_path/Frameworks";
				PRODUCT_NAME = "$(TARGET_NAME)";
				TEST_HOST = "$(BUILT_PRODUCTS_DIR)/Order.app/Order";
			};
			name = Release;
		};
/* End XCBuildConfiguration section */

/* Begin XCConfigurationList section */
		0D988B4E19EFA0A2008D8E3D /* Build configuration list for PBXProject "Order" */ = {
			isa = XCConfigurationList;
			buildConfigurations = (
				0D988B7419EFA0A2008D8E3D /* Debug */,
				0D988B7519EFA0A2008D8E3D /* Release */,
			);
			defaultConfigurationIsVisible = 0;
			defaultConfigurationName = Release;
		};
		0D988B7619EFA0A2008D8E3D /* Build configuration list for PBXNativeTarget "Order" */ = {
			isa = XCConfigurationList;
			buildConfigurations = (
				0D988B7719EFA0A2008D8E3D /* Debug */,
				0D988B7819EFA0A2008D8E3D /* Release */,
			);
			defaultConfigurationIsVisible = 0;
			defaultConfigurationName = Release;
		};
		0D988B7919EFA0A2008D8E3D /* Build configuration list for PBXNativeTarget "OrderTests" */ = {
			isa = XCConfigurationList;
			buildConfigurations = (
				0D988B7A19EFA0A2008D8E3D /* Debug */,
				0D988B7B19EFA0A2008D8E3D /* Release */,
			);
			defaultConfigurationIsVisible = 0;
			defaultConfigurationName = Release;
		};
/* End XCConfigurationList section */
	};
	rootObject = 0D988B4B19EFA0A2008D8E3D /* Project object */;
}
